PODS:
  - Flutter (1.0.0)
  - is_safe (0.0.1):
    - Flutter

DEPENDENCIES:
  - Flutter (from `Flutter`)
  - is_safe (from `.symlinks/plugins/is_safe/ios`)

EXTERNAL SOURCES:
  Flutter:
    :path: Flutter
  is_safe:
    :path: ".symlinks/plugins/is_safe/ios"

SPEC CHECKSUMS:
  Flutter: f04841e97a9d0b0a8025694d0796dd46242b2854
  is_safe: 08a0169f530a3a2ea0a82b0451744b4845b2e201

PODFILE CHECKSUM: 8e679eca47255a8ca8067c4c67aab20e64cb974d

COCOAPODS: 1.11.3
