PODS:
  - Flutter (1.0.0)
  - is_safe (0.0.1):
    - Flutter

DEPENDENCIES:
  - Flutter (from `Flutter`)
  - is_safe (from `.symlinks/plugins/is_safe/ios`)

EXTERNAL SOURCES:
  Flutter:
    :path: Flutter
  is_safe:
    :path: ".symlinks/plugins/is_safe/ios"

SPEC CHECKSUMS:
  Flutter: 50d75fe2f02b26cc09d224853bb45737f8b3214a
  is_safe: e705beac534b3ce2d8b585b3fcc4df1b69a3ce29

PODFILE CHECKSUM: 8e679eca47255a8ca8067c4c67aab20e64cb974d

COCOAPODS: 1.11.2
